{
    "_meta": {
        "hash": {
            "sha256": "77ea4f9909ba2a059f5bd794b15248ea60376cb4e79ac29639b05ded472b4321"
        },
        "pipfile-spec": 6,
        "requires": {
            "python_version": "3.8"
        },
        "sources": [
            {
                "name": "pypi",
                "url": "https://pypi.python.org/simple",
                "verify_ssl": true
            }
        ]
    },
    "default": {
        "tk": {
            "hashes": [
                "sha256:60bc8923d5d35f67f5c6bd93d4f0c49d2048114ec077768f959aef36d4ed97f8",
                "sha256:703a69ff0d5ba2bd2f7440582ad10160e4a6561595d33457dc6caa79b9bf4930"
            ],
            "index": "pypi",
            "version": "==0.1.0"
        }
    },
    "develop": {}
}
